
Microsoft Visual Studio Solution File, Format Version 12.00
# Visual Studio Version 17
VisualStudioVersion = 17.7.34031.279
MinimumVisualStudioVersion = 10.0.40219.1
Project("{FAE04EC0-301F-11D3-BF4B-00C04F79EFBC}") = "DesafioTDD", "DesafioTDD\DesafioTDD.csproj", "{3E3231BF-EC4E-40A1-8144-5523B4A700B9}"
EndProject
Project("{FAE04EC0-301F-11D3-BF4B-00C04F79EFBC}") = "DesafioTDD.Tests", "DesafioTDD.Tests\DesafioTDD.Tests.csproj", "{96A522EB-61A0-422E-82E0-C04976621E46}"
EndProject
Global
	GlobalSection(SolutionConfigurationPlatforms) = preSolution
		Debug|Any CPU = Debug|Any CPU
		Release|Any CPU = Release|Any CPU
	EndGlobalSection
	GlobalSection(ProjectConfigurationPlatforms) = postSolution
		{3E3231BF-EC4E-40A1-8144-5523B4A700B9}.Debug|Any CPU.ActiveCfg = Debug|Any CPU
		{3E3231BF-EC4E-40A1-8144-5523B4A700B9}.Debug|Any CPU.Build.0 = Debug|Any CPU
		{3E3231BF-EC4E-40A1-8144-5523B4A700B9}.Release|Any CPU.ActiveCfg = Release|Any CPU
		{3E3231BF-EC4E-40A1-8144-5523B4A700B9}.Release|Any CPU.Build.0 = Release|Any CPU
		{96A522EB-61A0-422E-82E0-C04976621E46}.Debug|Any CPU.ActiveCfg = Debug|Any CPU
		{96A522EB-61A0-422E-82E0-C04976621E46}.Debug|Any CPU.Build.0 = Debug|Any CPU
		{96A522EB-61A0-422E-82E0-C04976621E46}.Release|Any CPU.ActiveCfg = Release|Any CPU
		{96A522EB-61A0-422E-82E0-C04976621E46}.Release|Any CPU.Build.0 = Release|Any CPU
	EndGlobalSection
	GlobalSection(SolutionProperties) = preSolution
		HideSolutionNode = FALSE
	EndGlobalSection
	GlobalSection(ExtensibilityGlobals) = postSolution
		SolutionGuid = {F61AFE27-2B67-4A87-8D07-2889AF93422C}
	EndGlobalSection
EndGlobal
